Microsoft Visual Studio Solution File, Format Version 12.00
# Visual Studio Version 18
VisualStudioVersion = 18.0.10000.0
MinimumVisualStudioVersion = 10.0.40219.1
Project("{8BC9CEB8-8B4A-11D0-8D11-00A0C91BC942}") = "SkewerCore", "src\SkewerCore\SkewerCore.vcxproj", "{A1875091-0BE3-44D0-B97A-A1E22E719691}"
EndProject
Project("{8BC9CEB8-8B4A-11D0-8D11-00A0C91BC942}") = "SkewerQt", "src\SkewerQt\SkewerQt.vcxproj", "{B2866838-44E7-4885-A869-5EF67CDE6103}"
EndProject
Project("{8BC9CEB8-8B4A-11D0-8D11-00A0C91BC942}") = "SkewerTests", "tests\SkewerTests\SkewerTests.vcxproj", "{C3145196-7A40-418B-8E52-325B68F76073}"
EndProject
Project("{8BC9CEB8-8B4A-11D0-8D11-00A0C91BC942}") = "Compression", "SPICE\Compression\Compression.vcxproj", "{4F68E37C-185F-4DE8-A4D7-647E6F3659C4}"
EndProject
Project("{8BC9CEB8-8B4A-11D0-8D11-00A0C91BC942}") = "SpiceCore", "SPICE\SpiceCore\SpiceCore.vcxproj", "{6F9D8280-6F7B-4237-9D4A-D9A09E7A1B2E}"
EndProject
Project("{8BC9CEB8-8B4A-11D0-8D11-00A0C91BC942}") = "Sa3Dport", "SPICE\Sa3Dport\Sa3Dport.vcxproj", "{DF6013F5-9B25-4250-A0F7-EAF86E7BE9D7}"
EndProject
Project("{8BC9CEB8-8B4A-11D0-8D11-00A0C91BC942}") = "SpiceGvm", "SPICE\SpiceGvm\SpiceGvm.vcxproj", "{A3D377F9-43B8-4A4B-8C78-8F069B98E6F1}"
EndProject
Project("{8BC9CEB8-8B4A-11D0-8D11-00A0C91BC942}") = "SpicePvm", "SPICE\SpicePvm\SpicePvm.vcxproj", "{D15CAA0F-8C20-4740-B50E-27A7539B9287}"
EndProject
Project("{8BC9CEB8-8B4A-11D0-8D11-00A0C91BC942}") = "SpiceMLD", "SPICE\SpiceMLD\SpiceMLD.vcxproj", "{C44D37F8-61F5-4A1C-B983-16D79FBC9954}"
EndProject
Project("{8BC9CEB8-8B4A-11D0-8D11-00A0C91BC942}") = "SpiceEct", "SPICE\SpiceEct\SpiceEct.vcxproj", "{81EF38D9-DF34-427B-A78A-73E38A14DAD8}"
EndProject
Project("{8BC9CEB8-8B4A-11D0-8D11-00A0C91BC942}") = "SpiceTrade", "SPICE\SpiceTrade\SpiceTrade.vcxproj", "{B82365CC-8B46-4BD5-AFB7-799B34D6DA19}"
EndProject
Project("{2150E333-8FDC-42A3-9474-1A3956D46DE8}") = "SKEWER", "SKEWER", "{645E9023-22EA-45F3-AC91-0E8345DA4BAA}"
EndProject
Project("{2150E333-8FDC-42A3-9474-1A3956D46DE8}") = "Dependencies", "Dependencies", "{3C411DA9-54A5-433B-9289-5443F99F4D84}"
EndProject
Global
	GlobalSection(SolutionConfigurationPlatforms) = preSolution
		Debug|x64 = Debug|x64
		Release|x64 = Release|x64
	EndGlobalSection
	GlobalSection(ProjectConfigurationPlatforms) = postSolution
		{A1875091-0BE3-44D0-B97A-A1E22E719691}.Debug|x64.ActiveCfg = Debug|x64
		{A1875091-0BE3-44D0-B97A-A1E22E719691}.Debug|x64.Build.0 = Debug|x64
		{A1875091-0BE3-44D0-B97A-A1E22E719691}.Release|x64.ActiveCfg = Release|x64
		{A1875091-0BE3-44D0-B97A-A1E22E719691}.Release|x64.Build.0 = Release|x64
		{B2866838-44E7-4885-A869-5EF67CDE6103}.Debug|x64.ActiveCfg = Debug|x64
		{B2866838-44E7-4885-A869-5EF67CDE6103}.Debug|x64.Build.0 = Debug|x64
		{B2866838-44E7-4885-A869-5EF67CDE6103}.Release|x64.ActiveCfg = Release|x64
		{B2866838-44E7-4885-A869-5EF67CDE6103}.Release|x64.Build.0 = Release|x64
		{C3145196-7A40-418B-8E52-325B68F76073}.Debug|x64.ActiveCfg = Debug|x64
		{C3145196-7A40-418B-8E52-325B68F76073}.Debug|x64.Build.0 = Debug|x64
		{C3145196-7A40-418B-8E52-325B68F76073}.Release|x64.ActiveCfg = Release|x64
		{C3145196-7A40-418B-8E52-325B68F76073}.Release|x64.Build.0 = Release|x64
		{4F68E37C-185F-4DE8-A4D7-647E6F3659C4}.Debug|x64.ActiveCfg = Debug|x64
		{4F68E37C-185F-4DE8-A4D7-647E6F3659C4}.Debug|x64.Build.0 = Debug|x64
		{4F68E37C-185F-4DE8-A4D7-647E6F3659C4}.Release|x64.ActiveCfg = Release|x64
		{4F68E37C-185F-4DE8-A4D7-647E6F3659C4}.Release|x64.Build.0 = Release|x64
		{6F9D8280-6F7B-4237-9D4A-D9A09E7A1B2E}.Debug|x64.ActiveCfg = Debug|x64
		{6F9D8280-6F7B-4237-9D4A-D9A09E7A1B2E}.Debug|x64.Build.0 = Debug|x64
		{6F9D8280-6F7B-4237-9D4A-D9A09E7A1B2E}.Release|x64.ActiveCfg = Release|x64
		{6F9D8280-6F7B-4237-9D4A-D9A09E7A1B2E}.Release|x64.Build.0 = Release|x64
		{DF6013F5-9B25-4250-A0F7-EAF86E7BE9D7}.Debug|x64.ActiveCfg = Debug|x64
		{DF6013F5-9B25-4250-A0F7-EAF86E7BE9D7}.Debug|x64.Build.0 = Debug|x64
		{DF6013F5-9B25-4250-A0F7-EAF86E7BE9D7}.Release|x64.ActiveCfg = Release|x64
		{DF6013F5-9B25-4250-A0F7-EAF86E7BE9D7}.Release|x64.Build.0 = Release|x64
		{A3D377F9-43B8-4A4B-8C78-8F069B98E6F1}.Debug|x64.ActiveCfg = Debug|x64
		{A3D377F9-43B8-4A4B-8C78-8F069B98E6F1}.Debug|x64.Build.0 = Debug|x64
		{A3D377F9-43B8-4A4B-8C78-8F069B98E6F1}.Release|x64.ActiveCfg = Release|x64
		{A3D377F9-43B8-4A4B-8C78-8F069B98E6F1}.Release|x64.Build.0 = Release|x64
		{D15CAA0F-8C20-4740-B50E-27A7539B9287}.Debug|x64.ActiveCfg = Debug|x64
		{D15CAA0F-8C20-4740-B50E-27A7539B9287}.Debug|x64.Build.0 = Debug|x64
		{D15CAA0F-8C20-4740-B50E-27A7539B9287}.Release|x64.ActiveCfg = Release|x64
		{D15CAA0F-8C20-4740-B50E-27A7539B9287}.Release|x64.Build.0 = Release|x64
		{C44D37F8-61F5-4A1C-B983-16D79FBC9954}.Debug|x64.ActiveCfg = Debug|x64
		{C44D37F8-61F5-4A1C-B983-16D79FBC9954}.Debug|x64.Build.0 = Debug|x64
		{C44D37F8-61F5-4A1C-B983-16D79FBC9954}.Release|x64.ActiveCfg = Release|x64
		{C44D37F8-61F5-4A1C-B983-16D79FBC9954}.Release|x64.Build.0 = Release|x64
		{81EF38D9-DF34-427B-A78A-73E38A14DAD8}.Debug|x64.ActiveCfg = Debug|x64
		{81EF38D9-DF34-427B-A78A-73E38A14DAD8}.Debug|x64.Build.0 = Debug|x64
		{81EF38D9-DF34-427B-A78A-73E38A14DAD8}.Release|x64.ActiveCfg = Release|x64
		{81EF38D9-DF34-427B-A78A-73E38A14DAD8}.Release|x64.Build.0 = Release|x64
		{B82365CC-8B46-4BD5-AFB7-799B34D6DA19}.Debug|x64.ActiveCfg = Debug|x64
		{B82365CC-8B46-4BD5-AFB7-799B34D6DA19}.Debug|x64.Build.0 = Debug|x64
		{B82365CC-8B46-4BD5-AFB7-799B34D6DA19}.Release|x64.ActiveCfg = Release|x64
		{B82365CC-8B46-4BD5-AFB7-799B34D6DA19}.Release|x64.Build.0 = Release|x64
	EndGlobalSection
	GlobalSection(SolutionProperties) = preSolution
		HideSolutionNode = FALSE
	EndGlobalSection
	GlobalSection(NestedProjects) = preSolution
		{A1875091-0BE3-44D0-B97A-A1E22E719691} = {645E9023-22EA-45F3-AC91-0E8345DA4BAA}
		{B2866838-44E7-4885-A869-5EF67CDE6103} = {645E9023-22EA-45F3-AC91-0E8345DA4BAA}
		{C3145196-7A40-418B-8E52-325B68F76073} = {645E9023-22EA-45F3-AC91-0E8345DA4BAA}
		{4F68E37C-185F-4DE8-A4D7-647E6F3659C4} = {3C411DA9-54A5-433B-9289-5443F99F4D84}
		{6F9D8280-6F7B-4237-9D4A-D9A09E7A1B2E} = {3C411DA9-54A5-433B-9289-5443F99F4D84}
		{DF6013F5-9B25-4250-A0F7-EAF86E7BE9D7} = {3C411DA9-54A5-433B-9289-5443F99F4D84}
		{A3D377F9-43B8-4A4B-8C78-8F069B98E6F1} = {3C411DA9-54A5-433B-9289-5443F99F4D84}
		{D15CAA0F-8C20-4740-B50E-27A7539B9287} = {3C411DA9-54A5-433B-9289-5443F99F4D84}
		{C44D37F8-61F5-4A1C-B983-16D79FBC9954} = {3C411DA9-54A5-433B-9289-5443F99F4D84}
		{81EF38D9-DF34-427B-A78A-73E38A14DAD8} = {3C411DA9-54A5-433B-9289-5443F99F4D84}
		{B82365CC-8B46-4BD5-AFB7-799B34D6DA19} = {3C411DA9-54A5-433B-9289-5443F99F4D84}
	EndGlobalSection
EndGlobal
